
Microsoft Visual Studio Solution File, Format Version 12.00
# Visual Studio Version 16
VisualStudioVersion = 16.0.30413.136
MinimumVisualStudioVersion = 10.0.40219.1
Project("{FAE04EC0-301F-11D3-BF4B-00C04F79EFBC}") = "CountryDataApplication", "CountryDataApplication\CountryDataApplication.csproj", "{EFBDB25C-0F2D-44BC-B1BD-28AC31C61153}"
EndProject
Global
	GlobalSection(SolutionConfigurationPlatforms) = preSolution
		Debug|Any CPU = Debug|Any CPU
		Release|Any CPU = Release|Any CPU
	EndGlobalSection
	GlobalSection(ProjectConfigurationPlatforms) = postSolution
		{EFBDB25C-0F2D-44BC-B1BD-28AC31C61153}.Debug|Any CPU.ActiveCfg = Debug|Any CPU
		{EFBDB25C-0F2D-44BC-B1BD-28AC31C61153}.Debug|Any CPU.Build.0 = Debug|Any CPU
		{EFBDB25C-0F2D-44BC-B1BD-28AC31C61153}.Release|Any CPU.ActiveCfg = Release|Any CPU
		{EFBDB25C-0F2D-44BC-B1BD-28AC31C61153}.Release|Any CPU.Build.0 = Release|Any CPU
	EndGlobalSection
	GlobalSection(SolutionProperties) = preSolution
		HideSolutionNode = FALSE
	EndGlobalSection
	GlobalSection(ExtensibilityGlobals) = postSolution
		SolutionGuid = {707BC2C2-7557-462D-955B-DE3FF5715F4E}
	EndGlobalSection
EndGlobal
